// !$*UTF8*$!
{
	archiveVersion = 1;
	classes = {
	};
	objectVersion = 46;
	objects = {

/* Begin PBXBuildFile section */
		C8043B8C1E8181ED00BE6B75 /* AppDelegate.swift in Sources */ = {isa = PBXBuildFile; fileRef = C8043B8B1E8181ED00BE6B75 /* AppDelegate.swift */; };
		C8043B8E1E8181ED00BE6B75 /* MemeEditorViewController.swift in Sources */ = {isa = PBXBuildFile; fileRef = C8043B8D1E8181ED00BE6B75 /* MemeEditorViewController.swift */; };
		C8043B911E8181ED00BE6B75 /* Main.storyboard in Resources */ = {isa = PBXBuildFile; fileRef = C8043B8F1E8181ED00BE6B75 /* Main.storyboard */; };
		C8043B941E8181ED00BE6B75 /* MemeMe.xcdatamodeld in Sources */ = {isa = PBXBuildFile; fileRef = C8043B921E8181ED00BE6B75 /* MemeMe.xcdatamodeld */; };
		C8043B961E8181ED00BE6B75 /* Assets.xcassets in Resources */ = {isa = PBXBuildFile; fileRef = C8043B951E8181ED00BE6B75 /* Assets.xcassets */; };
		C8043B991E8181ED00BE6B75 /* LaunchScreen.storyboard in Resources */ = {isa = PBXBuildFile; fileRef = C8043B971E8181ED00BE6B75 /* LaunchScreen.storyboard */; };
		C8043BA11E82A73C00BE6B75 /* impact.ttf in Resources */ = {isa = PBXBuildFile; fileRef = C8043BA01E82A73C00BE6B75 /* impact.ttf */; };
		C8BCD1871EC34A6C00E9693E /* Meme.swift in Sources */ = {isa = PBXBuildFile; fileRef = C8BCD1861EC34A6C00E9693E /* Meme.swift */; };
		C8BCD1891EC34AD800E9693E /* setTextFieldSettings.swift in Sources */ = {isa = PBXBuildFile; fileRef = C8BCD1881EC34AD800E9693E /* setTextFieldSettings.swift */; };
		C8BCD18B1EC34D0500E9693E /* checkIfImageIsPicked.swift in Sources */ = {isa = PBXBuildFile; fileRef = C8BCD18A1EC34D0500E9693E /* checkIfImageIsPicked.swift */; };
		C8BCD1A81EC6031100E9693E /* MemeCollectionViewController.swift in Sources */ = {isa = PBXBuildFile; fileRef = C8BCD1A71EC6031100E9693E /* MemeCollectionViewController.swift */; };
		C8BCD1AA1EC6034000E9693E /* MemeCollectionViewCell.swift in Sources */ = {isa = PBXBuildFile; fileRef = C8BCD1A91EC6034000E9693E /* MemeCollectionViewCell.swift */; };
		C8BCD1AC1EC615CF00E9693E /* MemeTableViewController.swift in Sources */ = {isa = PBXBuildFile; fileRef = C8BCD1AB1EC615CF00E9693E /* MemeTableViewController.swift */; };
		C8BCD1AE1EC615E200E9693E /* MemeTableViewCell.swift in Sources */ = {isa = PBXBuildFile; fileRef = C8BCD1AD1EC615E200E9693E /* MemeTableViewCell.swift */; };
/* End PBXBuildFile section */

/* Begin PBXFileReference section */
		C8043B881E8181ED00BE6B75 /* MemeMe.app */ = {isa = PBXFileReference; explicitFileType = wrapper.application; includeInIndex = 0; path = MemeMe.app; sourceTree = BUILT_PRODUCTS_DIR; };
		C8043B8B1E8181ED00BE6B75 /* AppDelegate.swift */ = {isa = PBXFileReference; lastKnownFileType = sourcecode.swift; path = AppDelegate.swift; sourceTree = "<group>"; };
		C8043B8D1E8181ED00BE6B75 /* MemeEditorViewController.swift */ = {isa = PBXFileReference; lastKnownFileType = sourcecode.swift; path = MemeEditorViewController.swift; sourceTree = "<group>"; };
		C8043B901E8181ED00BE6B75 /* Base */ = {isa = PBXFileReference; lastKnownFileType = file.storyboard; name = Base; path = Base.lproj/Main.storyboard; sourceTree = "<group>"; };
		C8043B931E8181ED00BE6B75 /* MemeMe.xcdatamodel */ = {isa = PBXFileReference; lastKnownFileType = wrapper.xcdatamodel; path = MemeMe.xcdatamodel; sourceTree = "<group>"; };
		C8043B951E8181ED00BE6B75 /* Assets.xcassets */ = {isa = PBXFileReference; lastKnownFileType = folder.assetcatalog; path = Assets.xcassets; sourceTree = "<group>"; };
		C8043B981E8181ED00BE6B75 /* Base */ = {isa = PBXFileReference; lastKnownFileType = file.storyboard; name = Base; path = Base.lproj/LaunchScreen.storyboard; sourceTree = "<group>"; };
		C8043B9A1E8181ED00BE6B75 /* Info.plist */ = {isa = PBXFileReference; lastKnownFileType = text.plist.xml; path = Info.plist; sourceTree = "<group>"; };
		C8043BA01E82A73C00BE6B75 /* impact.ttf */ = {isa = PBXFileReference; lastKnownFileType = file; path = impact.ttf; sourceTree = "<group>"; };
		C8BCD1861EC34A6C00E9693E /* Meme.swift */ = {isa = PBXFileReference; fileEncoding = 4; lastKnownFileType = sourcecode.swift; path = Meme.swift; sourceTree = "<group>"; };
		C8BCD1881EC34AD800E9693E /* setTextFieldSettings.swift */ = {isa = PBXFileReference; fileEncoding = 4; lastKnownFileType = sourcecode.swift; path = setTextFieldSettings.swift; sourceTree = "<group>"; };
		C8BCD18A1EC34D0500E9693E /* checkIfImageIsPicked.swift */ = {isa = PBXFileReference; fileEncoding = 4; lastKnownFileType = sourcecode.swift; path = checkIfImageIsPicked.swift; sourceTree = "<group>"; };
		C8BCD1A71EC6031100E9693E /* MemeCollectionViewController.swift */ = {isa = PBXFileReference; fileEncoding = 4; lastKnownFileType = sourcecode.swift; path = MemeCollectionViewController.swift; sourceTree = "<group>"; };
		C8BCD1A91EC6034000E9693E /* MemeCollectionViewCell.swift */ = {isa = PBXFileReference; fileEncoding = 4; lastKnownFileType = sourcecode.swift; path = MemeCollectionViewCell.swift; sourceTree = "<group>"; };
		C8BCD1AB1EC615CF00E9693E /* MemeTableViewController.swift */ = {isa = PBXFileReference; fileEncoding = 4; lastKnownFileType = sourcecode.swift; path = MemeTableViewController.swift; sourceTree = "<group>"; };
		C8BCD1AD1EC615E200E9693E /* MemeTableViewCell.swift */ = {isa = PBXFileReference; fileEncoding = 4; lastKnownFileType = sourcecode.swift; path = MemeTableViewCell.swift; sourceTree = "<group>"; };
/* End PBXFileReference section */

/* Begin PBXFrameworksBuildPhase section */
		C8043B851E8181ED00BE6B75 /* Frameworks */ = {
			isa = PBXFrameworksBuildPhase;
			buildActionMask = 2147483647;
			files = (
			);
			runOnlyForDeploymentPostprocessing = 0;
		};
/* End PBXFrameworksBuildPhase section */

/* Begin PBXGroup section */
		C8043B7F1E8181ED00BE6B75 = {
			isa = PBXGroup;
			children = (
				C8043B8A1E8181ED00BE6B75 /* MemeMe */,
				C8043B891E8181ED00BE6B75 /* Products */,
			);
			sourceTree = "<group>";
		};
		C8043B891E8181ED00BE6B75 /* Products */ = {
			isa = PBXGroup;
			children = (
				C8043B881E8181ED00BE6B75 /* MemeMe.app */,
			);
			name = Products;
			sourceTree = "<group>";
		};
		C8043B8A1E8181ED00BE6B75 /* MemeMe */ = {
			isa = PBXGroup;
			children = (
				C8043BA01E82A73C00BE6B75 /* impact.ttf */,
				C8043B8B1E8181ED00BE6B75 /* AppDelegate.swift */,
				C8043B8D1E8181ED00BE6B75 /* MemeEditorViewController.swift */,
				C8BCD1881EC34AD800E9693E /* setTextFieldSettings.swift */,
				C8BCD18A1EC34D0500E9693E /* checkIfImageIsPicked.swift */,
				C8BCD1861EC34A6C00E9693E /* Meme.swift */,
				C8043B8F1E8181ED00BE6B75 /* Main.storyboard */,
				C8BCD1AB1EC615CF00E9693E /* MemeTableViewController.swift */,
				C8BCD1AD1EC615E200E9693E /* MemeTableViewCell.swift */,
				C8BCD1A71EC6031100E9693E /* MemeCollectionViewController.swift */,
				C8BCD1A91EC6034000E9693E /* MemeCollectionViewCell.swift */,
				C8043B951E8181ED00BE6B75 /* Assets.xcassets */,
				C8043B971E8181ED00BE6B75 /* LaunchScreen.storyboard */,
				C8043B9A1E8181ED00BE6B75 /* Info.plist */,
				C8043B921E8181ED00BE6B75 /* MemeMe.xcdatamodeld */,
			);
			path = MemeMe;
			sourceTree = "<group>";
		};
/* End PBXGroup section */

/* Begin PBXNativeTarget section */
		C8043B871E8181ED00BE6B75 /* MemeMe */ = {
			isa = PBXNativeTarget;
			buildConfigurationList = C8043B9D1E8181ED00BE6B75 /* Build configuration list for PBXNativeTarget "MemeMe" */;
			buildPhases = (
				C8043B841E8181ED00BE6B75 /* Sources */,
				C8043B851E8181ED00BE6B75 /* Frameworks */,
				C8043B861E8181ED00BE6B75 /* Resources */,
			);
			buildRules = (
			);
			dependencies = (
			);
			name = MemeMe;
			productName = MemeMe;
			productReference = C8043B881E8181ED00BE6B75 /* MemeMe.app */;
			productType = "com.apple.product-type.application";
		};
/* End PBXNativeTarget section */

/* Begin PBXProject section */
		C8043B801E8181ED00BE6B75 /* Project object */ = {
			isa = PBXProject;
			attributes = {
				LastSwiftUpdateCheck = 0820;
				LastUpgradeCheck = 0820;
				ORGANIZATIONNAME = purpon;
				TargetAttributes = {
					C8043B871E8181ED00BE6B75 = {
						CreatedOnToolsVersion = 8.2.1;
						ProvisioningStyle = Automatic;
					};
				};
			};
			buildConfigurationList = C8043B831E8181ED00BE6B75 /* Build configuration list for PBXProject "MemeMe" */;
			compatibilityVersion = "Xcode 3.2";
			developmentRegion = English;
			hasScannedForEncodings = 0;
			knownRegions = (
				en,
				Base,
			);
			mainGroup = C8043B7F1E8181ED00BE6B75;
			productRefGroup = C8043B891E8181ED00BE6B75 /* Products */;
			projectDirPath = "";
			projectRoot = "";
			targets = (
				C8043B871E8181ED00BE6B75 /* MemeMe */,
			);
		};
/* End PBXProject section */

/* Begin PBXResourcesBuildPhase section */
		C8043B861E8181ED00BE6B75 /* Resources */ = {
			isa = PBXResourcesBuildPhase;
			buildActionMask = 2147483647;
			files = (
				C8043BA11E82A73C00BE6B75 /* impact.ttf in Resources */,
				C8043B991E8181ED00BE6B75 /* LaunchScreen.storyboard in Resources */,
				C8043B961E8181ED00BE6B75 /* Assets.xcassets in Resources */,
				C8043B911E8181ED00BE6B75 /* Main.storyboard in Resources */,
			);
			runOnlyForDeploymentPostprocessing = 0;
		};
/* End PBXResourcesBuildPhase section */

/* Begin PBXSourcesBuildPhase section */
		C8043B841E8181ED00BE6B75 /* Sources */ = {
			isa = PBXSourcesBuildPhase;
			buildActionMask = 2147483647;
			files = (
				C8043B941E8181ED00BE6B75 /* MemeMe.xcdatamodeld in Sources */,
				C8BCD18B1EC34D0500E9693E /* checkIfImageIsPicked.swift in Sources */,
				C8BCD1AA1EC6034000E9693E /* MemeCollectionViewCell.swift in Sources */,
				C8BCD1AC1EC615CF00E9693E /* MemeTableViewController.swift in Sources */,
				C8BCD1891EC34AD800E9693E /* setTextFieldSettings.swift in Sources */,
				C8BCD1871EC34A6C00E9693E /* Meme.swift in Sources */,
				C8BCD1A81EC6031100E9693E /* MemeCollectionViewController.swift in Sources */,
				C8BCD1AE1EC615E200E9693E /* MemeTableViewCell.swift in Sources */,
				C8043B8E1E8181ED00BE6B75 /* MemeEditorViewController.swift in Sources */,
				C8043B8C1E8181ED00BE6B75 /* AppDelegate.swift in Sources */,
			);
			runOnlyForDeploymentPostprocessing = 0;
		};
/* End PBXSourcesBuildPhase section */

/* Begin PBXVariantGroup section */
		C8043B8F1E8181ED00BE6B75 /* Main.storyboard */ = {
			isa = PBXVariantGroup;
			children = (
				C8043B901E8181ED00BE6B75 /* Base */,
			);
			name = Main.storyboard;
			sourceTree = "<group>";
		};
		C8043B971E8181ED00BE6B75 /* LaunchScreen.storyboard */ = {
			isa = PBXVariantGroup;
			children = (
				C8043B981E8181ED00BE6B75 /* Base */,
			);
			name = LaunchScreen.storyboard;
			sourceTree = "<group>";
		};
/* End PBXVariantGroup section */

/* Begin XCBuildConfiguration section */
		C8043B9B1E8181ED00BE6B75 /* Debug */ = {
			isa = XCBuildConfiguration;
			buildSettings = {
				ALWAYS_SEARCH_USER_PATHS = NO;
				CLANG_ANALYZER_NONNULL = YES;
				CLANG_CXX_LANGUAGE_STANDARD = "gnu++0x";
				CLANG_CXX_LIBRARY = "libc++";
				CLANG_ENABLE_MODULES = YES;
				CLANG_ENABLE_OBJC_ARC = YES;
				CLANG_WARN_BOOL_CONVERSION = YES;
				CLANG_WARN_CONSTANT_CONVERSION = YES;
				CLANG_WARN_DIRECT_OBJC_ISA_USAGE = YES_ERROR;
				CLANG_WARN_DOCUMENTATION_COMMENTS = YES;
				CLANG_WARN_EMPTY_BODY = YES;
				CLANG_WARN_ENUM_CONVERSION = YES;
				CLANG_WARN_INFINITE_RECURSION = YES;
				CLANG_WARN_INT_CONVERSION = YES;
				CLANG_WARN_OBJC_ROOT_CLASS = YES_ERROR;
				CLANG_WARN_SUSPICIOUS_MOVE = YES;
				CLANG_WARN_UNREACHABLE_CODE = YES;
				CLANG_WARN__DUPLICATE_METHOD_MATCH = YES;
				"CODE_SIGN_IDENTITY[sdk=iphoneos*]" = "iPhone Developer";
				COPY_PHASE_STRIP = NO;
				DEBUG_INFORMATION_FORMAT = dwarf;
				ENABLE_STRICT_OBJC_MSGSEND = YES;
				ENABLE_TESTABILITY = YES;
				GCC_C_LANGUAGE_STANDARD = gnu99;
				GCC_DYNAMIC_NO_PIC = NO;
				GCC_NO_COMMON_BLOCKS = YES;
				GCC_OPTIMIZATION_LEVEL = 0;
				GCC_PREPROCESSOR_DEFINITIONS = (
					"DEBUG=1",
					"$(inherited)",
				);
				GCC_WARN_64_TO_32_BIT_CONVERSION = YES;
				GCC_WARN_ABOUT_RETURN_TYPE = YES_ERROR;
				GCC_WARN_UNDECLARED_SELECTOR = YES;
				GCC_WARN_UNINITIALIZED_AUTOS = YES_AGGRESSIVE;
				GCC_WARN_UNUSED_FUNCTION = YES;
				GCC_WARN_UNUSED_VARIABLE = YES;
				IPHONEOS_DEPLOYMENT_TARGET = 10.2;
				MTL_ENABLE_DEBUG_INFO = YES;
				ONLY_ACTIVE_ARCH = YES;
				SDKROOT = iphoneos;
				SWIFT_ACTIVE_COMPILATION_CONDITIONS = DEBUG;
				SWIFT_OPTIMIZATION_LEVEL = "-Onone";
			};
			name = Debug;
		};
		C8043B9C1E8181ED00BE6B75 /* Release */ = {
			isa = XCBuildConfiguration;
			buildSettings = {
				ALWAYS_SEARCH_USER_PATHS = NO;
				CLANG_ANALYZER_NONNULL = YES;
				CLANG_CXX_LANGUAGE_STANDARD = "gnu++0x";
				CLANG_CXX_LIBRARY = "libc++";
				CLANG_ENABLE_MODULES = YES;
				CLANG_ENABLE_OBJC_ARC = YES;
				CLANG_WARN_BOOL_CONVERSION = YES;
				CLANG_WARN_CONSTANT_CONVERSION = YES;
				CLANG_WARN_DIRECT_OBJC_ISA_USAGE = YES_ERROR;
				CLANG_WARN_DOCUMENTATION_COMMENTS = YES;
				CLANG_WARN_EMPTY_BODY = YES;
				CLANG_WARN_ENUM_CONVERSION = YES;
				CLANG_WARN_INFINITE_RECURSION = YES;
				CLANG_WARN_INT_CONVERSION = YES;
				CLANG_WARN_OBJC_ROOT_CLASS = YES_ERROR;
				CLANG_WARN_SUSPICIOUS_MOVE = YES;
				CLANG_WARN_UNREACHABLE_CODE = YES;
				CLANG_WARN__DUPLICATE_METHOD_MATCH = YES;
				"CODE_SIGN_IDENTITY[sdk=iphoneos*]" = "iPhone Developer";
				COPY_PHASE_STRIP = NO;
				DEBUG_INFORMATION_FORMAT = "dwarf-with-dsym";
				ENABLE_NS_ASSERTIONS = NO;
				ENABLE_STRICT_OBJC_MSGSEND = YES;
				GCC_C_LANGUAGE_STANDARD = gnu99;
				GCC_NO_COMMON_BLOCKS = YES;
				GCC_WARN_64_TO_32_BIT_CONVERSION = YES;
				GCC_WARN_ABOUT_RETURN_TYPE = YES_ERROR;
				GCC_WARN_UNDECLARED_SELECTOR = YES;
				GCC_WARN_UNINITIALIZED_AUTOS = YES_AGGRESSIVE;
				GCC_WARN_UNUSED_FUNCTION = YES;
				GCC_WARN_UNUSED_VARIABLE = YES;
				IPHONEOS_DEPLOYMENT_TARGET = 10.2;
				MTL_ENABLE_DEBUG_INFO = NO;
				SDKROOT = iphoneos;
				SWIFT_OPTIMIZATION_LEVEL = "-Owholemodule";
				VALIDATE_PRODUCT = YES;
			};
			name = Release;
		};
		C8043B9E1E8181ED00BE6B75 /* Debug */ = {
			isa = XCBuildConfiguration;
			buildSettings = {
				ASSETCATALOG_COMPILER_APPICON_NAME = AppIcon;
				INFOPLIST_FILE = MemeMe/Info.plist;
				LD_RUNPATH_SEARCH_PATHS = "$(inherited) @executable_path/Frameworks";
				PRODUCT_BUNDLE_IDENTIFIER = com.volorf.MemeMe;
				PRODUCT_NAME = "$(TARGET_NAME)";
				SWIFT_VERSION = 3.0;
			};
			name = Debug;
		};
		C8043B9F1E8181ED00BE6B75 /* Release */ = {
			isa = XCBuildConfiguration;
			buildSettings = {
				ASSETCATALOG_COMPILER_APPICON_NAME = AppIcon;
				INFOPLIST_FILE = MemeMe/Info.plist;
				LD_RUNPATH_SEARCH_PATHS = "$(inherited) @executable_path/Frameworks";
				PRODUCT_BUNDLE_IDENTIFIER = com.volorf.MemeMe;
				PRODUCT_NAME = "$(TARGET_NAME)";
				SWIFT_VERSION = 3.0;
			};
			name = Release;
		};
/* End XCBuildConfiguration section */

/* Begin XCConfigurationList section */
		C8043B831E8181ED00BE6B75 /* Build configuration list for PBXProject "MemeMe" */ = {
			isa = XCConfigurationList;
			buildConfigurations = (
				C8043B9B1E8181ED00BE6B75 /* Debug */,
				C8043B9C1E8181ED00BE6B75 /* Release */,
			);
			defaultConfigurationIsVisible = 0;
			defaultConfigurationName = Release;
		};
		C8043B9D1E8181ED00BE6B75 /* Build configuration list for PBXNativeTarget "MemeMe" */ = {
			isa = XCConfigurationList;
			buildConfigurations = (
				C8043B9E1E8181ED00BE6B75 /* Debug */,
				C8043B9F1E8181ED00BE6B75 /* Release */,
			);
			defaultConfigurationIsVisible = 0;
			defaultConfigurationName = Release;
		};
/* End XCConfigurationList section */

/* Begin XCVersionGroup section */
		C8043B921E8181ED00BE6B75 /* MemeMe.xcdatamodeld */ = {
			isa = XCVersionGroup;
			children = (
				C8043B931E8181ED00BE6B75 /* MemeMe.xcdatamodel */,
			);
			currentVersion = C8043B931E8181ED00BE6B75 /* MemeMe.xcdatamodel */;
			path = MemeMe.xcdatamodeld;
			sourceTree = "<group>";
			versionGroupType = wrapper.xcdatamodel;
		};
/* End XCVersionGroup section */
	};
	rootObject = C8043B801E8181ED00BE6B75 /* Project object */;
}
